
Microsoft Visual Studio Solution File, Format Version 12.00
Project("{FAE04EC0-301F-11D3-BF4B-00C04F79EFBC}") = "MasterClassProjects", "MasterClassProjects\MasterClassProjects.csproj", "{92E7A0ED-670C-4652-BF9C-A1E210F49C22}"
EndProject
Project("{FAE04EC0-301F-11D3-BF4B-00C04F79EFBC}") = "DiceRollGame", "DiceRollGame\DiceRollGame.csproj", "{66FFC6AB-7C05-45A3-A064-E6BF60AEABAB}"
EndProject
Global
	GlobalSection(SolutionConfigurationPlatforms) = preSolution
		Debug|Any CPU = Debug|Any CPU
		Release|Any CPU = Release|Any CPU
	EndGlobalSection
	GlobalSection(ProjectConfigurationPlatforms) = postSolution
		{92E7A0ED-670C-4652-BF9C-A1E210F49C22}.Debug|Any CPU.ActiveCfg = Debug|Any CPU
		{92E7A0ED-670C-4652-BF9C-A1E210F49C22}.Debug|Any CPU.Build.0 = Debug|Any CPU
		{92E7A0ED-670C-4652-BF9C-A1E210F49C22}.Release|Any CPU.ActiveCfg = Release|Any CPU
		{92E7A0ED-670C-4652-BF9C-A1E210F49C22}.Release|Any CPU.Build.0 = Release|Any CPU
		{66FFC6AB-7C05-45A3-A064-E6BF60AEABAB}.Debug|Any CPU.ActiveCfg = Debug|Any CPU
		{66FFC6AB-7C05-45A3-A064-E6BF60AEABAB}.Debug|Any CPU.Build.0 = Debug|Any CPU
		{66FFC6AB-7C05-45A3-A064-E6BF60AEABAB}.Release|Any CPU.ActiveCfg = Release|Any CPU
		{66FFC6AB-7C05-45A3-A064-E6BF60AEABAB}.Release|Any CPU.Build.0 = Release|Any CPU
	EndGlobalSection
EndGlobal
